// !$*UTF8*$!
{
	archiveVersion = 1;
	classes = {
	};
	objectVersion = 56;
	objects = {

/* Begin PBXBuildFile section */
		1078D1B42B0116CD00A265D0 /* AppDelegate.swift in Sources */ = {isa = PBXBuildFile; fileRef = 1078D1B32B0116CD00A265D0 /* AppDelegate.swift */; };
		1078D1B62B0116CD00A265D0 /* SceneDelegate.swift in Sources */ = {isa = PBXBuildFile; fileRef = 1078D1B52B0116CD00A265D0 /* SceneDelegate.swift */; };
		1078D1B82B0116CD00A265D0 /* ViewController.swift in Sources */ = {isa = PBXBuildFile; fileRef = 1078D1B72B0116CD00A265D0 /* ViewController.swift */; };
		1078D1BD2B0116CE00A265D0 /* Assets.xcassets in Resources */ = {isa = PBXBuildFile; fileRef = 1078D1BC2B0116CE00A265D0 /* Assets.xcassets */; };
		1078D1C02B0116CE00A265D0 /* LaunchScreen.storyboard in Resources */ = {isa = PBXBuildFile; fileRef = 1078D1BE2B0116CE00A265D0 /* LaunchScreen.storyboard */; };
		1078D1C82B01171500A265D0 /* .gitignore in Resources */ = {isa = PBXBuildFile; fileRef = 1078D1C72B01171500A265D0 /* .gitignore */; };
		10CB8EFA2B01455900CFC8D6 /* MainViewController.swift in Sources */ = {isa = PBXBuildFile; fileRef = 10CB8EF92B01455900CFC8D6 /* MainViewController.swift */; };
		10CB8EFD2B01474D00CFC8D6 /* UserSetting.swift in Sources */ = {isa = PBXBuildFile; fileRef = 10CB8EFC2B01474D00CFC8D6 /* UserSetting.swift */; };
		10CB8EFF2B0147DE00CFC8D6 /* Statistics.swift in Sources */ = {isa = PBXBuildFile; fileRef = 10CB8EFE2B0147DE00CFC8D6 /* Statistics.swift */; };
		10CB8F012B0150BA00CFC8D6 /* MainView.swift in Sources */ = {isa = PBXBuildFile; fileRef = 10CB8F002B0150BA00CFC8D6 /* MainView.swift */; };
		10CB8F0E2B01B8C500CFC8D6 /* BaseViewController.swift in Sources */ = {isa = PBXBuildFile; fileRef = 10CB8F0D2B01B8C500CFC8D6 /* BaseViewController.swift */; };
		10CB8F102B01B91300CFC8D6 /* TestingViewController.swift in Sources */ = {isa = PBXBuildFile; fileRef = 10CB8F0F2B01B91300CFC8D6 /* TestingViewController.swift */; };
		10CB8F132B01B95C00CFC8D6 /* CustomNavigationView.swift in Sources */ = {isa = PBXBuildFile; fileRef = 10CB8F122B01B95C00CFC8D6 /* CustomNavigationView.swift */; };
		10CB8F152B01B98400CFC8D6 /* CustomNavBarButton.swift in Sources */ = {isa = PBXBuildFile; fileRef = 10CB8F142B01B98400CFC8D6 /* CustomNavBarButton.swift */; };
		10CB8F182B01B9C900CFC8D6 /* UIView + ext.swift in Sources */ = {isa = PBXBuildFile; fileRef = 10CB8F172B01B9C900CFC8D6 /* UIView + ext.swift */; };
		10CB8F1A2B01C48B00CFC8D6 /* TestingViewController2.swift in Sources */ = {isa = PBXBuildFile; fileRef = 10CB8F192B01C48B00CFC8D6 /* TestingViewController2.swift */; };
		373D2A862B01472800E4EE27 /* SettingsViewController.swift in Sources */ = {isa = PBXBuildFile; fileRef = 373D2A852B01472800E4EE27 /* SettingsViewController.swift */; };
/* End PBXBuildFile section */

/* Begin PBXFileReference section */
		1078D1B02B0116CD00A265D0 /* Rainbow_NLP.app */ = {isa = PBXFileReference; explicitFileType = wrapper.application; includeInIndex = 0; path = Rainbow_NLP.app; sourceTree = BUILT_PRODUCTS_DIR; };
		1078D1B32B0116CD00A265D0 /* AppDelegate.swift */ = {isa = PBXFileReference; lastKnownFileType = sourcecode.swift; path = AppDelegate.swift; sourceTree = "<group>"; };
		1078D1B52B0116CD00A265D0 /* SceneDelegate.swift */ = {isa = PBXFileReference; lastKnownFileType = sourcecode.swift; path = SceneDelegate.swift; sourceTree = "<group>"; };
		1078D1B72B0116CD00A265D0 /* ViewController.swift */ = {isa = PBXFileReference; lastKnownFileType = sourcecode.swift; path = ViewController.swift; sourceTree = "<group>"; };
		1078D1BC2B0116CE00A265D0 /* Assets.xcassets */ = {isa = PBXFileReference; lastKnownFileType = folder.assetcatalog; path = Assets.xcassets; sourceTree = "<group>"; };
		1078D1BF2B0116CE00A265D0 /* Base */ = {isa = PBXFileReference; lastKnownFileType = file.storyboard; name = Base; path = Base.lproj/LaunchScreen.storyboard; sourceTree = "<group>"; };
		1078D1C12B0116CE00A265D0 /* Info.plist */ = {isa = PBXFileReference; lastKnownFileType = text.plist.xml; path = Info.plist; sourceTree = "<group>"; };
		1078D1C72B01171500A265D0 /* .gitignore */ = {isa = PBXFileReference; lastKnownFileType = text; path = .gitignore; sourceTree = "<group>"; };
		1078D1C92B0118EE00A265D0 /* README.md */ = {isa = PBXFileReference; lastKnownFileType = net.daringfireball.markdown; path = README.md; sourceTree = "<group>"; };
		10CB8EF92B01455900CFC8D6 /* MainViewController.swift */ = {isa = PBXFileReference; lastKnownFileType = sourcecode.swift; path = MainViewController.swift; sourceTree = "<group>"; };
		10CB8EFC2B01474D00CFC8D6 /* UserSetting.swift */ = {isa = PBXFileReference; lastKnownFileType = sourcecode.swift; path = UserSetting.swift; sourceTree = "<group>"; };
		10CB8EFE2B0147DE00CFC8D6 /* Statistics.swift */ = {isa = PBXFileReference; lastKnownFileType = sourcecode.swift; path = Statistics.swift; sourceTree = "<group>"; };
		10CB8F002B0150BA00CFC8D6 /* MainView.swift */ = {isa = PBXFileReference; lastKnownFileType = sourcecode.swift; path = MainView.swift; sourceTree = "<group>"; };
		10CB8F0D2B01B8C500CFC8D6 /* BaseViewController.swift */ = {isa = PBXFileReference; lastKnownFileType = sourcecode.swift; path = BaseViewController.swift; sourceTree = "<group>"; };
		10CB8F0F2B01B91300CFC8D6 /* TestingViewController.swift */ = {isa = PBXFileReference; lastKnownFileType = sourcecode.swift; path = TestingViewController.swift; sourceTree = "<group>"; };
		10CB8F122B01B95C00CFC8D6 /* CustomNavigationView.swift */ = {isa = PBXFileReference; lastKnownFileType = sourcecode.swift; path = CustomNavigationView.swift; sourceTree = "<group>"; };
		10CB8F142B01B98400CFC8D6 /* CustomNavBarButton.swift */ = {isa = PBXFileReference; lastKnownFileType = sourcecode.swift; path = CustomNavBarButton.swift; sourceTree = "<group>"; };
		10CB8F172B01B9C900CFC8D6 /* UIView + ext.swift */ = {isa = PBXFileReference; lastKnownFileType = sourcecode.swift; path = "UIView + ext.swift"; sourceTree = "<group>"; };
		10CB8F192B01C48B00CFC8D6 /* TestingViewController2.swift */ = {isa = PBXFileReference; lastKnownFileType = sourcecode.swift; path = TestingViewController2.swift; sourceTree = "<group>"; };
		373D2A852B01472800E4EE27 /* SettingsViewController.swift */ = {isa = PBXFileReference; lastKnownFileType = sourcecode.swift; path = SettingsViewController.swift; sourceTree = "<group>"; };
/* End PBXFileReference section */

/* Begin PBXFrameworksBuildPhase section */
		1078D1AD2B0116CD00A265D0 /* Frameworks */ = {
			isa = PBXFrameworksBuildPhase;
			buildActionMask = 2147483647;
			files = (
			);
			runOnlyForDeploymentPostprocessing = 0;
		};
/* End PBXFrameworksBuildPhase section */

/* Begin PBXGroup section */
		1078D1A72B0116CD00A265D0 = {
			isa = PBXGroup;
			children = (
				1078D1C92B0118EE00A265D0 /* README.md */,
				1078D1C72B01171500A265D0 /* .gitignore */,
				1078D1B22B0116CD00A265D0 /* Rainbow_NLP */,
				1078D1B12B0116CD00A265D0 /* Products */,
			);
			sourceTree = "<group>";
		};
		1078D1B12B0116CD00A265D0 /* Products */ = {
			isa = PBXGroup;
			children = (
				1078D1B02B0116CD00A265D0 /* Rainbow_NLP.app */,
			);
			name = Products;
			sourceTree = "<group>";
		};
		1078D1B22B0116CD00A265D0 /* Rainbow_NLP */ = {
			isa = PBXGroup;
			children = (
				10CB8F162B01B9B200CFC8D6 /* Extention */,
				10CB8F0C2B01B88D00CFC8D6 /* TestModule */,
				10CB8EFB2B01473C00CFC8D6 /* Model */,
				1078D1B32B0116CD00A265D0 /* AppDelegate.swift */,
				1078D1B52B0116CD00A265D0 /* SceneDelegate.swift */,
				1078D1B72B0116CD00A265D0 /* ViewController.swift */,
				1078D1BC2B0116CE00A265D0 /* Assets.xcassets */,
				1078D1BE2B0116CE00A265D0 /* LaunchScreen.storyboard */,
				1078D1C12B0116CE00A265D0 /* Info.plist */,
				10CB8EF92B01455900CFC8D6 /* MainViewController.swift */,
				373D2A852B01472800E4EE27 /* SettingsViewController.swift */,
				10CB8F002B0150BA00CFC8D6 /* MainView.swift */,
			);
			path = Rainbow_NLP;
			sourceTree = "<group>";
		};
		10CB8EFB2B01473C00CFC8D6 /* Model */ = {
			isa = PBXGroup;
			children = (
				10CB8EFC2B01474D00CFC8D6 /* UserSetting.swift */,
				10CB8EFE2B0147DE00CFC8D6 /* Statistics.swift */,
			);
			path = Model;
			sourceTree = "<group>";
		};
		10CB8F0C2B01B88D00CFC8D6 /* TestModule */ = {
			isa = PBXGroup;
			children = (
				10CB8F112B01B93C00CFC8D6 /* Components */,
				10CB8F0D2B01B8C500CFC8D6 /* BaseViewController.swift */,
				10CB8F0F2B01B91300CFC8D6 /* TestingViewController.swift */,
				10CB8F192B01C48B00CFC8D6 /* TestingViewController2.swift */,
			);
			path = TestModule;
			sourceTree = "<group>";
		};
		10CB8F112B01B93C00CFC8D6 /* Components */ = {
			isa = PBXGroup;
			children = (
				10CB8F122B01B95C00CFC8D6 /* CustomNavigationView.swift */,
				10CB8F142B01B98400CFC8D6 /* CustomNavBarButton.swift */,
			);
			path = Components;
			sourceTree = "<group>";
		};
		10CB8F162B01B9B200CFC8D6 /* Extention */ = {
			isa = PBXGroup;
			children = (
				10CB8F172B01B9C900CFC8D6 /* UIView + ext.swift */,
			);
			path = Extention;
			sourceTree = "<group>";
		};
/* End PBXGroup section */

/* Begin PBXNativeTarget section */
		1078D1AF2B0116CD00A265D0 /* Rainbow_NLP */ = {
			isa = PBXNativeTarget;
			buildConfigurationList = 1078D1C42B0116CE00A265D0 /* Build configuration list for PBXNativeTarget "Rainbow_NLP" */;
			buildPhases = (
				1078D1AC2B0116CD00A265D0 /* Sources */,
				1078D1AD2B0116CD00A265D0 /* Frameworks */,
				1078D1AE2B0116CD00A265D0 /* Resources */,
			);
			buildRules = (
			);
			dependencies = (
			);
			name = Rainbow_NLP;
			productName = Rainbow_NLP;
			productReference = 1078D1B02B0116CD00A265D0 /* Rainbow_NLP.app */;
			productType = "com.apple.product-type.application";
		};
/* End PBXNativeTarget section */

/* Begin PBXProject section */
		1078D1A82B0116CD00A265D0 /* Project object */ = {
			isa = PBXProject;
			attributes = {
				BuildIndependentTargetsInParallel = 1;
				LastSwiftUpdateCheck = 1500;
				LastUpgradeCheck = 1500;
				TargetAttributes = {
					1078D1AF2B0116CD00A265D0 = {
						CreatedOnToolsVersion = 15.0.1;
					};
				};
			};
			buildConfigurationList = 1078D1AB2B0116CD00A265D0 /* Build configuration list for PBXProject "Rainbow_NLP" */;
			compatibilityVersion = "Xcode 14.0";
			developmentRegion = en;
			hasScannedForEncodings = 0;
			knownRegions = (
				en,
				Base,
			);
			mainGroup = 1078D1A72B0116CD00A265D0;
			productRefGroup = 1078D1B12B0116CD00A265D0 /* Products */;
			projectDirPath = "";
			projectRoot = "";
			targets = (
				1078D1AF2B0116CD00A265D0 /* Rainbow_NLP */,
			);
		};
/* End PBXProject section */

/* Begin PBXResourcesBuildPhase section */
		1078D1AE2B0116CD00A265D0 /* Resources */ = {
			isa = PBXResourcesBuildPhase;
			buildActionMask = 2147483647;
			files = (
				1078D1C82B01171500A265D0 /* .gitignore in Resources */,
				1078D1C02B0116CE00A265D0 /* LaunchScreen.storyboard in Resources */,
				1078D1BD2B0116CE00A265D0 /* Assets.xcassets in Resources */,
			);
			runOnlyForDeploymentPostprocessing = 0;
		};
/* End PBXResourcesBuildPhase section */

/* Begin PBXSourcesBuildPhase section */
		1078D1AC2B0116CD00A265D0 /* Sources */ = {
			isa = PBXSourcesBuildPhase;
			buildActionMask = 2147483647;
			files = (
				1078D1B82B0116CD00A265D0 /* ViewController.swift in Sources */,
				10CB8F012B0150BA00CFC8D6 /* MainView.swift in Sources */,
				10CB8F1A2B01C48B00CFC8D6 /* TestingViewController2.swift in Sources */,
				1078D1B42B0116CD00A265D0 /* AppDelegate.swift in Sources */,
				10CB8F132B01B95C00CFC8D6 /* CustomNavigationView.swift in Sources */,
				1078D1B62B0116CD00A265D0 /* SceneDelegate.swift in Sources */,
				10CB8EFD2B01474D00CFC8D6 /* UserSetting.swift in Sources */,
				10CB8F0E2B01B8C500CFC8D6 /* BaseViewController.swift in Sources */,
				10CB8F152B01B98400CFC8D6 /* CustomNavBarButton.swift in Sources */,
				10CB8F182B01B9C900CFC8D6 /* UIView + ext.swift in Sources */,
				10CB8F102B01B91300CFC8D6 /* TestingViewController.swift in Sources */,
				10CB8EFF2B0147DE00CFC8D6 /* Statistics.swift in Sources */,
				373D2A862B01472800E4EE27 /* SettingsViewController.swift in Sources */,
				10CB8EFA2B01455900CFC8D6 /* MainViewController.swift in Sources */,
			);
			runOnlyForDeploymentPostprocessing = 0;
		};
/* End PBXSourcesBuildPhase section */

/* Begin PBXVariantGroup section */
		1078D1BE2B0116CE00A265D0 /* LaunchScreen.storyboard */ = {
			isa = PBXVariantGroup;
			children = (
				1078D1BF2B0116CE00A265D0 /* Base */,
			);
			name = LaunchScreen.storyboard;
			sourceTree = "<group>";
		};
/* End PBXVariantGroup section */

/* Begin XCBuildConfiguration section */
		1078D1C22B0116CE00A265D0 /* Debug */ = {
			isa = XCBuildConfiguration;
			buildSettings = {
				ALWAYS_SEARCH_USER_PATHS = NO;
				ASSETCATALOG_COMPILER_GENERATE_SWIFT_ASSET_SYMBOL_EXTENSIONS = YES;
				CLANG_ANALYZER_NONNULL = YES;
				CLANG_ANALYZER_NUMBER_OBJECT_CONVERSION = YES_AGGRESSIVE;
				CLANG_CXX_LANGUAGE_STANDARD = "gnu++20";
				CLANG_ENABLE_MODULES = YES;
				CLANG_ENABLE_OBJC_ARC = YES;
				CLANG_ENABLE_OBJC_WEAK = YES;
				CLANG_WARN_BLOCK_CAPTURE_AUTORELEASING = YES;
				CLANG_WARN_BOOL_CONVERSION = YES;
				CLANG_WARN_COMMA = YES;
				CLANG_WARN_CONSTANT_CONVERSION = YES;
				CLANG_WARN_DEPRECATED_OBJC_IMPLEMENTATIONS = YES;
				CLANG_WARN_DIRECT_OBJC_ISA_USAGE = YES_ERROR;
				CLANG_WARN_DOCUMENTATION_COMMENTS = YES;
				CLANG_WARN_EMPTY_BODY = YES;
				CLANG_WARN_ENUM_CONVERSION = YES;
				CLANG_WARN_INFINITE_RECURSION = YES;
				CLANG_WARN_INT_CONVERSION = YES;
				CLANG_WARN_NON_LITERAL_NULL_CONVERSION = YES;
				CLANG_WARN_OBJC_IMPLICIT_RETAIN_SELF = YES;
				CLANG_WARN_OBJC_LITERAL_CONVERSION = YES;
				CLANG_WARN_OBJC_ROOT_CLASS = YES_ERROR;
				CLANG_WARN_QUOTED_INCLUDE_IN_FRAMEWORK_HEADER = YES;
				CLANG_WARN_RANGE_LOOP_ANALYSIS = YES;
				CLANG_WARN_STRICT_PROTOTYPES = YES;
				CLANG_WARN_SUSPICIOUS_MOVE = YES;
				CLANG_WARN_UNGUARDED_AVAILABILITY = YES_AGGRESSIVE;
				CLANG_WARN_UNREACHABLE_CODE = YES;
				CLANG_WARN__DUPLICATE_METHOD_MATCH = YES;
				COPY_PHASE_STRIP = NO;
				DEBUG_INFORMATION_FORMAT = dwarf;
				ENABLE_STRICT_OBJC_MSGSEND = YES;
				ENABLE_TESTABILITY = YES;
				ENABLE_USER_SCRIPT_SANDBOXING = YES;
				GCC_C_LANGUAGE_STANDARD = gnu17;
				GCC_DYNAMIC_NO_PIC = NO;
				GCC_NO_COMMON_BLOCKS = YES;
				GCC_OPTIMIZATION_LEVEL = 0;
				GCC_PREPROCESSOR_DEFINITIONS = (
					"DEBUG=1",
					"$(inherited)",
				);
				GCC_WARN_64_TO_32_BIT_CONVERSION = YES;
				GCC_WARN_ABOUT_RETURN_TYPE = YES_ERROR;
				GCC_WARN_UNDECLARED_SELECTOR = YES;
				GCC_WARN_UNINITIALIZED_AUTOS = YES_AGGRESSIVE;
				GCC_WARN_UNUSED_FUNCTION = YES;
				GCC_WARN_UNUSED_VARIABLE = YES;
				IPHONEOS_DEPLOYMENT_TARGET = 17.0;
				LOCALIZATION_PREFERS_STRING_CATALOGS = YES;
				MTL_ENABLE_DEBUG_INFO = INCLUDE_SOURCE;
				MTL_FAST_MATH = YES;
				ONLY_ACTIVE_ARCH = YES;
				SDKROOT = iphoneos;
				SWIFT_ACTIVE_COMPILATION_CONDITIONS = "DEBUG $(inherited)";
				SWIFT_OPTIMIZATION_LEVEL = "-Onone";
			};
			name = Debug;
		};
		1078D1C32B0116CE00A265D0 /* Release */ = {
			isa = XCBuildConfiguration;
			buildSettings = {
				ALWAYS_SEARCH_USER_PATHS = NO;
				ASSETCATALOG_COMPILER_GENERATE_SWIFT_ASSET_SYMBOL_EXTENSIONS = YES;
				CLANG_ANALYZER_NONNULL = YES;
				CLANG_ANALYZER_NUMBER_OBJECT_CONVERSION = YES_AGGRESSIVE;
				CLANG_CXX_LANGUAGE_STANDARD = "gnu++20";
				CLANG_ENABLE_MODULES = YES;
				CLANG_ENABLE_OBJC_ARC = YES;
				CLANG_ENABLE_OBJC_WEAK = YES;
				CLANG_WARN_BLOCK_CAPTURE_AUTORELEASING = YES;
				CLANG_WARN_BOOL_CONVERSION = YES;
				CLANG_WARN_COMMA = YES;
				CLANG_WARN_CONSTANT_CONVERSION = YES;
				CLANG_WARN_DEPRECATED_OBJC_IMPLEMENTATIONS = YES;
				CLANG_WARN_DIRECT_OBJC_ISA_USAGE = YES_ERROR;
				CLANG_WARN_DOCUMENTATION_COMMENTS = YES;
				CLANG_WARN_EMPTY_BODY = YES;
				CLANG_WARN_ENUM_CONVERSION = YES;
				CLANG_WARN_INFINITE_RECURSION = YES;
				CLANG_WARN_INT_CONVERSION = YES;
				CLANG_WARN_NON_LITERAL_NULL_CONVERSION = YES;
				CLANG_WARN_OBJC_IMPLICIT_RETAIN_SELF = YES;
				CLANG_WARN_OBJC_LITERAL_CONVERSION = YES;
				CLANG_WARN_OBJC_ROOT_CLASS = YES_ERROR;
				CLANG_WARN_QUOTED_INCLUDE_IN_FRAMEWORK_HEADER = YES;
				CLANG_WARN_RANGE_LOOP_ANALYSIS = YES;
				CLANG_WARN_STRICT_PROTOTYPES = YES;
				CLANG_WARN_SUSPICIOUS_MOVE = YES;
				CLANG_WARN_UNGUARDED_AVAILABILITY = YES_AGGRESSIVE;
				CLANG_WARN_UNREACHABLE_CODE = YES;
				CLANG_WARN__DUPLICATE_METHOD_MATCH = YES;
				COPY_PHASE_STRIP = NO;
				DEBUG_INFORMATION_FORMAT = "dwarf-with-dsym";
				ENABLE_NS_ASSERTIONS = NO;
				ENABLE_STRICT_OBJC_MSGSEND = YES;
				ENABLE_USER_SCRIPT_SANDBOXING = YES;
				GCC_C_LANGUAGE_STANDARD = gnu17;
				GCC_NO_COMMON_BLOCKS = YES;
				GCC_WARN_64_TO_32_BIT_CONVERSION = YES;
				GCC_WARN_ABOUT_RETURN_TYPE = YES_ERROR;
				GCC_WARN_UNDECLARED_SELECTOR = YES;
				GCC_WARN_UNINITIALIZED_AUTOS = YES_AGGRESSIVE;
				GCC_WARN_UNUSED_FUNCTION = YES;
				GCC_WARN_UNUSED_VARIABLE = YES;
				IPHONEOS_DEPLOYMENT_TARGET = 17.0;
				LOCALIZATION_PREFERS_STRING_CATALOGS = YES;
				MTL_ENABLE_DEBUG_INFO = NO;
				MTL_FAST_MATH = YES;
				SDKROOT = iphoneos;
				SWIFT_COMPILATION_MODE = wholemodule;
				VALIDATE_PRODUCT = YES;
			};
			name = Release;
		};
		1078D1C52B0116CE00A265D0 /* Debug */ = {
			isa = XCBuildConfiguration;
			buildSettings = {
				ASSETCATALOG_COMPILER_APPICON_NAME = AppIcon;
				ASSETCATALOG_COMPILER_GLOBAL_ACCENT_COLOR_NAME = AccentColor;
				CODE_SIGN_STYLE = Automatic;
				CURRENT_PROJECT_VERSION = 1;
				GENERATE_INFOPLIST_FILE = YES;
				INFOPLIST_FILE = Rainbow_NLP/Info.plist;
				INFOPLIST_KEY_UIApplicationSupportsIndirectInputEvents = YES;
				INFOPLIST_KEY_UILaunchStoryboardName = LaunchScreen;
				INFOPLIST_KEY_UIMainStoryboardFile = "";
				INFOPLIST_KEY_UISupportedInterfaceOrientations = UIInterfaceOrientationPortrait;
				INFOPLIST_KEY_UISupportedInterfaceOrientations_iPad = "UIInterfaceOrientationLandscapeLeft UIInterfaceOrientationLandscapeRight UIInterfaceOrientationPortrait UIInterfaceOrientationPortraitUpsideDown";
				IPHONEOS_DEPLOYMENT_TARGET = 15.0;
				LD_RUNPATH_SEARCH_PATHS = (
					"$(inherited)",
					"@executable_path/Frameworks",
				);
				MARKETING_VERSION = 1.0;
				PRODUCT_BUNDLE_IDENTIFIER = "com.pashagritskov.Rainbow-NLP";
				PRODUCT_NAME = "$(TARGET_NAME)";
				SUPPORTED_PLATFORMS = "iphoneos iphonesimulator";
				SUPPORTS_MACCATALYST = NO;
				SUPPORTS_MAC_DESIGNED_FOR_IPHONE_IPAD = NO;
				SWIFT_EMIT_LOC_STRINGS = YES;
				SWIFT_VERSION = 5.0;
				TARGETED_DEVICE_FAMILY = 1;
			};
			name = Debug;
		};
		1078D1C62B0116CE00A265D0 /* Release */ = {
			isa = XCBuildConfiguration;
			buildSettings = {
				ASSETCATALOG_COMPILER_APPICON_NAME = AppIcon;
				ASSETCATALOG_COMPILER_GLOBAL_ACCENT_COLOR_NAME = AccentColor;
				CODE_SIGN_STYLE = Automatic;
				CURRENT_PROJECT_VERSION = 1;
				GENERATE_INFOPLIST_FILE = YES;
				INFOPLIST_FILE = Rainbow_NLP/Info.plist;
				INFOPLIST_KEY_UIApplicationSupportsIndirectInputEvents = YES;
				INFOPLIST_KEY_UILaunchStoryboardName = LaunchScreen;
				INFOPLIST_KEY_UIMainStoryboardFile = "";
				INFOPLIST_KEY_UISupportedInterfaceOrientations = UIInterfaceOrientationPortrait;
				INFOPLIST_KEY_UISupportedInterfaceOrientations_iPad = "UIInterfaceOrientationLandscapeLeft UIInterfaceOrientationLandscapeRight UIInterfaceOrientationPortrait UIInterfaceOrientationPortraitUpsideDown";
				IPHONEOS_DEPLOYMENT_TARGET = 15.0;
				LD_RUNPATH_SEARCH_PATHS = (
					"$(inherited)",
					"@executable_path/Frameworks",
				);
				MARKETING_VERSION = 1.0;
				PRODUCT_BUNDLE_IDENTIFIER = "com.pashagritskov.Rainbow-NLP";
				PRODUCT_NAME = "$(TARGET_NAME)";
				SUPPORTED_PLATFORMS = "iphoneos iphonesimulator";
				SUPPORTS_MACCATALYST = NO;
				SUPPORTS_MAC_DESIGNED_FOR_IPHONE_IPAD = NO;
				SWIFT_EMIT_LOC_STRINGS = YES;
				SWIFT_VERSION = 5.0;
				TARGETED_DEVICE_FAMILY = 1;
			};
			name = Release;
		};
/* End XCBuildConfiguration section */

/* Begin XCConfigurationList section */
		1078D1AB2B0116CD00A265D0 /* Build configuration list for PBXProject "Rainbow_NLP" */ = {
			isa = XCConfigurationList;
			buildConfigurations = (
				1078D1C22B0116CE00A265D0 /* Debug */,
				1078D1C32B0116CE00A265D0 /* Release */,
			);
			defaultConfigurationIsVisible = 0;
			defaultConfigurationName = Release;
		};
		1078D1C42B0116CE00A265D0 /* Build configuration list for PBXNativeTarget "Rainbow_NLP" */ = {
			isa = XCConfigurationList;
			buildConfigurations = (
				1078D1C52B0116CE00A265D0 /* Debug */,
				1078D1C62B0116CE00A265D0 /* Release */,
			);
			defaultConfigurationIsVisible = 0;
			defaultConfigurationName = Release;
		};
/* End XCConfigurationList section */
	};
	rootObject = 1078D1A82B0116CD00A265D0 /* Project object */;
}
