// !$*UTF8*$!
{
	archiveVersion = 1;
	classes = {
	};
	objectVersion = 56;
	objects = {

/* Begin PBXBuildFile section */
		101F8B092B0690B30021EE21 /* UIColor + ext.swift in Sources */ = {isa = PBXBuildFile; fileRef = 101F8B082B0690B30021EE21 /* UIColor + ext.swift */; };
		101F8B0D2B069DED0021EE21 /* UIButton + ext.swift in Sources */ = {isa = PBXBuildFile; fileRef = 101F8B0C2B069DED0021EE21 /* UIButton + ext.swift */; };
		101F8B0F2B06A6BA0021EE21 /* UILabel + ext.swift in Sources */ = {isa = PBXBuildFile; fileRef = 101F8B0E2B06A6BA0021EE21 /* UILabel + ext.swift */; };
		101FE3BA2B058DDC00BBB7FC /* DataManager.swift in Sources */ = {isa = PBXBuildFile; fileRef = 101FE3B92B058DDC00BBB7FC /* DataManager.swift */; };
		1056B64B2B052B680092A8E2 /* MainView.swift in Sources */ = {isa = PBXBuildFile; fileRef = 1056B64A2B052B680092A8E2 /* MainView.swift */; };
		1056B64D2B052B6E0092A8E2 /* MainViewController.swift in Sources */ = {isa = PBXBuildFile; fileRef = 1056B64C2B052B6E0092A8E2 /* MainViewController.swift */; };
		1078D1B42B0116CD00A265D0 /* AppDelegate.swift in Sources */ = {isa = PBXBuildFile; fileRef = 1078D1B32B0116CD00A265D0 /* AppDelegate.swift */; };
		1078D1B62B0116CD00A265D0 /* SceneDelegate.swift in Sources */ = {isa = PBXBuildFile; fileRef = 1078D1B52B0116CD00A265D0 /* SceneDelegate.swift */; };
		1078D1BD2B0116CE00A265D0 /* Assets.xcassets in Resources */ = {isa = PBXBuildFile; fileRef = 1078D1BC2B0116CE00A265D0 /* Assets.xcassets */; };
		1078D1C02B0116CE00A265D0 /* LaunchScreen.storyboard in Resources */ = {isa = PBXBuildFile; fileRef = 1078D1BE2B0116CE00A265D0 /* LaunchScreen.storyboard */; };
		1078D1C82B01171500A265D0 /* .gitignore in Resources */ = {isa = PBXBuildFile; fileRef = 1078D1C72B01171500A265D0 /* .gitignore */; };
		10ACDB1D2B084D120049360A /* GameViewController.swift in Sources */ = {isa = PBXBuildFile; fileRef = 10ACDB192B084D120049360A /* GameViewController.swift */; };
		10ACDB1E2B084D120049360A /* GamePlayModel.swift in Sources */ = {isa = PBXBuildFile; fileRef = 10ACDB1A2B084D120049360A /* GamePlayModel.swift */; };
		10ACDB202B084D120049360A /* CustomCell.swift in Sources */ = {isa = PBXBuildFile; fileRef = 10ACDB1C2B084D120049360A /* CustomCell.swift */; };
		10C94E692B09074100164152 /* VisualEffectView.swift in Sources */ = {isa = PBXBuildFile; fileRef = 10C94E682B09074100164152 /* VisualEffectView.swift */; };
		10CB8EFD2B01474D00CFC8D6 /* UserSetting.swift in Sources */ = {isa = PBXBuildFile; fileRef = 10CB8EFC2B01474D00CFC8D6 /* UserSetting.swift */; };
		10CB8EFF2B0147DE00CFC8D6 /* GameResult.swift in Sources */ = {isa = PBXBuildFile; fileRef = 10CB8EFE2B0147DE00CFC8D6 /* GameResult.swift */; };
		10CB8F0E2B01B8C500CFC8D6 /* BaseViewController.swift in Sources */ = {isa = PBXBuildFile; fileRef = 10CB8F0D2B01B8C500CFC8D6 /* BaseViewController.swift */; };
		10CB8F102B01B91300CFC8D6 /* TestingViewController.swift in Sources */ = {isa = PBXBuildFile; fileRef = 10CB8F0F2B01B91300CFC8D6 /* TestingViewController.swift */; };
		10CB8F132B01B95C00CFC8D6 /* CustomNavigationView.swift in Sources */ = {isa = PBXBuildFile; fileRef = 10CB8F122B01B95C00CFC8D6 /* CustomNavigationView.swift */; };
		10CB8F152B01B98400CFC8D6 /* CustomButton.swift in Sources */ = {isa = PBXBuildFile; fileRef = 10CB8F142B01B98400CFC8D6 /* CustomButton.swift */; };
		10CB8F182B01B9C900CFC8D6 /* UIView + ext.swift in Sources */ = {isa = PBXBuildFile; fileRef = 10CB8F172B01B9C900CFC8D6 /* UIView + ext.swift */; };
		10CB8F1A2B01C48B00CFC8D6 /* TestingViewController2.swift in Sources */ = {isa = PBXBuildFile; fileRef = 10CB8F192B01C48B00CFC8D6 /* TestingViewController2.swift */; };
		2CD5D0072B05314A00B37157 /* CormorantInfant-Regular.ttf in Resources */ = {isa = PBXBuildFile; fileRef = 2CD5D0062B05314A00B37157 /* CormorantInfant-Regular.ttf */; };
		2CD5D0092B05316200B37157 /* SF-Pro-Display-Regular.otf in Resources */ = {isa = PBXBuildFile; fileRef = 2CD5D0082B05316100B37157 /* SF-Pro-Display-Regular.otf */; };
		370CD4C12B02914A00C2E102 /* SettingsCellModel.swift in Sources */ = {isa = PBXBuildFile; fileRef = 370CD4C02B02914A00C2E102 /* SettingsCellModel.swift */; };
		373D2A862B01472800E4EE27 /* SettingsViewController.swift in Sources */ = {isa = PBXBuildFile; fileRef = 373D2A852B01472800E4EE27 /* SettingsViewController.swift */; };
		373D2A892B02796200E4EE27 /* SliderCell.swift in Sources */ = {isa = PBXBuildFile; fileRef = 373D2A882B02796200E4EE27 /* SliderCell.swift */; };
		373D2A8B2B02797600E4EE27 /* SwitchCell.swift in Sources */ = {isa = PBXBuildFile; fileRef = 373D2A8A2B02797600E4EE27 /* SwitchCell.swift */; };
		37E0661D2B092FB100C18F38 /* UIImage + ext.swift in Sources */ = {isa = PBXBuildFile; fileRef = 37E0661C2B092FB100C18F38 /* UIImage + ext.swift */; };
		37E0661F2B094A6D00C18F38 /* RulesViewController.swift in Sources */ = {isa = PBXBuildFile; fileRef = 37E0661E2B094A6D00C18F38 /* RulesViewController.swift */; };
		37E066232B094B3100C18F38 /* UIString + ext.swift in Sources */ = {isa = PBXBuildFile; fileRef = 37E066222B094B3100C18F38 /* UIString + ext.swift */; };
		37E066252B09751900C18F38 /* CustomTitleButton.swift in Sources */ = {isa = PBXBuildFile; fileRef = 37E066242B09751900C18F38 /* CustomTitleButton.swift */; };
		92B8468B2B03D40F008286D8 /* ResultsViewController.swift in Sources */ = {isa = PBXBuildFile; fileRef = 92B8468A2B03D40F008286D8 /* ResultsViewController.swift */; };
		92B8468D2B03D444008286D8 /* ResultCell.swift in Sources */ = {isa = PBXBuildFile; fileRef = 92B8468C2B03D444008286D8 /* ResultCell.swift */; };
/* End PBXBuildFile section */

/* Begin PBXFileReference section */
		101F8B082B0690B30021EE21 /* UIColor + ext.swift */ = {isa = PBXFileReference; lastKnownFileType = sourcecode.swift; path = "UIColor + ext.swift"; sourceTree = "<group>"; };
		101F8B0C2B069DED0021EE21 /* UIButton + ext.swift */ = {isa = PBXFileReference; lastKnownFileType = sourcecode.swift; path = "UIButton + ext.swift"; sourceTree = "<group>"; };
		101F8B0E2B06A6BA0021EE21 /* UILabel + ext.swift */ = {isa = PBXFileReference; lastKnownFileType = sourcecode.swift; path = "UILabel + ext.swift"; sourceTree = "<group>"; };
		101FE3B92B058DDC00BBB7FC /* DataManager.swift */ = {isa = PBXFileReference; lastKnownFileType = sourcecode.swift; path = DataManager.swift; sourceTree = "<group>"; };
		1056B64A2B052B680092A8E2 /* MainView.swift */ = {isa = PBXFileReference; fileEncoding = 4; lastKnownFileType = sourcecode.swift; path = MainView.swift; sourceTree = "<group>"; };
		1056B64C2B052B6E0092A8E2 /* MainViewController.swift */ = {isa = PBXFileReference; fileEncoding = 4; lastKnownFileType = sourcecode.swift; path = MainViewController.swift; sourceTree = "<group>"; };
		1078D1B02B0116CD00A265D0 /* Rainbow_NLP.app */ = {isa = PBXFileReference; explicitFileType = wrapper.application; includeInIndex = 0; path = Rainbow_NLP.app; sourceTree = BUILT_PRODUCTS_DIR; };
		1078D1B32B0116CD00A265D0 /* AppDelegate.swift */ = {isa = PBXFileReference; lastKnownFileType = sourcecode.swift; path = AppDelegate.swift; sourceTree = "<group>"; };
		1078D1B52B0116CD00A265D0 /* SceneDelegate.swift */ = {isa = PBXFileReference; lastKnownFileType = sourcecode.swift; path = SceneDelegate.swift; sourceTree = "<group>"; };
		1078D1BC2B0116CE00A265D0 /* Assets.xcassets */ = {isa = PBXFileReference; lastKnownFileType = folder.assetcatalog; path = Assets.xcassets; sourceTree = "<group>"; };
		1078D1BF2B0116CE00A265D0 /* Base */ = {isa = PBXFileReference; lastKnownFileType = file.storyboard; name = Base; path = Base.lproj/LaunchScreen.storyboard; sourceTree = "<group>"; };
		1078D1C12B0116CE00A265D0 /* Info.plist */ = {isa = PBXFileReference; lastKnownFileType = text.plist.xml; path = Info.plist; sourceTree = "<group>"; };
		1078D1C72B01171500A265D0 /* .gitignore */ = {isa = PBXFileReference; lastKnownFileType = text; path = .gitignore; sourceTree = "<group>"; };
		1078D1C92B0118EE00A265D0 /* README.md */ = {isa = PBXFileReference; lastKnownFileType = net.daringfireball.markdown; path = README.md; sourceTree = "<group>"; };
		10ACDB192B084D120049360A /* GameViewController.swift */ = {isa = PBXFileReference; fileEncoding = 4; lastKnownFileType = sourcecode.swift; path = GameViewController.swift; sourceTree = "<group>"; };
		10ACDB1A2B084D120049360A /* GamePlayModel.swift */ = {isa = PBXFileReference; fileEncoding = 4; lastKnownFileType = sourcecode.swift; path = GamePlayModel.swift; sourceTree = "<group>"; };
		10ACDB1C2B084D120049360A /* CustomCell.swift */ = {isa = PBXFileReference; fileEncoding = 4; lastKnownFileType = sourcecode.swift; path = CustomCell.swift; sourceTree = "<group>"; };
		10C94E682B09074100164152 /* VisualEffectView.swift */ = {isa = PBXFileReference; lastKnownFileType = sourcecode.swift; path = VisualEffectView.swift; sourceTree = "<group>"; };
		10CB8EFC2B01474D00CFC8D6 /* UserSetting.swift */ = {isa = PBXFileReference; lastKnownFileType = sourcecode.swift; path = UserSetting.swift; sourceTree = "<group>"; };
		10CB8EFE2B0147DE00CFC8D6 /* GameResult.swift */ = {isa = PBXFileReference; lastKnownFileType = sourcecode.swift; path = GameResult.swift; sourceTree = "<group>"; };
		10CB8F0D2B01B8C500CFC8D6 /* BaseViewController.swift */ = {isa = PBXFileReference; lastKnownFileType = sourcecode.swift; path = BaseViewController.swift; sourceTree = "<group>"; };
		10CB8F0F2B01B91300CFC8D6 /* TestingViewController.swift */ = {isa = PBXFileReference; lastKnownFileType = sourcecode.swift; path = TestingViewController.swift; sourceTree = "<group>"; };
		10CB8F122B01B95C00CFC8D6 /* CustomNavigationView.swift */ = {isa = PBXFileReference; lastKnownFileType = sourcecode.swift; path = CustomNavigationView.swift; sourceTree = "<group>"; };
		10CB8F142B01B98400CFC8D6 /* CustomButton.swift */ = {isa = PBXFileReference; lastKnownFileType = sourcecode.swift; path = CustomButton.swift; sourceTree = "<group>"; };
		10CB8F172B01B9C900CFC8D6 /* UIView + ext.swift */ = {isa = PBXFileReference; lastKnownFileType = sourcecode.swift; path = "UIView + ext.swift"; sourceTree = "<group>"; };
		10CB8F192B01C48B00CFC8D6 /* TestingViewController2.swift */ = {isa = PBXFileReference; lastKnownFileType = sourcecode.swift; path = TestingViewController2.swift; sourceTree = "<group>"; };
		2CD5D0062B05314A00B37157 /* CormorantInfant-Regular.ttf */ = {isa = PBXFileReference; lastKnownFileType = file; path = "CormorantInfant-Regular.ttf"; sourceTree = "<group>"; };
		2CD5D0082B05316100B37157 /* SF-Pro-Display-Regular.otf */ = {isa = PBXFileReference; lastKnownFileType = file; path = "SF-Pro-Display-Regular.otf"; sourceTree = "<group>"; };
		370CD4C02B02914A00C2E102 /* SettingsCellModel.swift */ = {isa = PBXFileReference; lastKnownFileType = sourcecode.swift; path = SettingsCellModel.swift; sourceTree = "<group>"; };
		373D2A852B01472800E4EE27 /* SettingsViewController.swift */ = {isa = PBXFileReference; lastKnownFileType = sourcecode.swift; path = SettingsViewController.swift; sourceTree = "<group>"; };
		373D2A882B02796200E4EE27 /* SliderCell.swift */ = {isa = PBXFileReference; lastKnownFileType = sourcecode.swift; path = SliderCell.swift; sourceTree = "<group>"; };
		373D2A8A2B02797600E4EE27 /* SwitchCell.swift */ = {isa = PBXFileReference; lastKnownFileType = sourcecode.swift; path = SwitchCell.swift; sourceTree = "<group>"; };
		37E0661C2B092FB100C18F38 /* UIImage + ext.swift */ = {isa = PBXFileReference; lastKnownFileType = sourcecode.swift; path = "UIImage + ext.swift"; sourceTree = "<group>"; };
		37E0661E2B094A6D00C18F38 /* RulesViewController.swift */ = {isa = PBXFileReference; lastKnownFileType = sourcecode.swift; path = RulesViewController.swift; sourceTree = "<group>"; };
		37E066222B094B3100C18F38 /* UIString + ext.swift */ = {isa = PBXFileReference; lastKnownFileType = sourcecode.swift; path = "UIString + ext.swift"; sourceTree = "<group>"; };
		37E066242B09751900C18F38 /* CustomTitleButton.swift */ = {isa = PBXFileReference; lastKnownFileType = sourcecode.swift; path = CustomTitleButton.swift; sourceTree = "<group>"; };
		92B8468A2B03D40F008286D8 /* ResultsViewController.swift */ = {isa = PBXFileReference; lastKnownFileType = sourcecode.swift; path = ResultsViewController.swift; sourceTree = "<group>"; };
		92B8468C2B03D444008286D8 /* ResultCell.swift */ = {isa = PBXFileReference; lastKnownFileType = sourcecode.swift; path = ResultCell.swift; sourceTree = "<group>"; };
/* End PBXFileReference section */

/* Begin PBXFrameworksBuildPhase section */
		1078D1AD2B0116CD00A265D0 /* Frameworks */ = {
			isa = PBXFrameworksBuildPhase;
			buildActionMask = 2147483647;
			files = (
			);
			runOnlyForDeploymentPostprocessing = 0;
		};
/* End PBXFrameworksBuildPhase section */

/* Begin PBXGroup section */
		101F8B102B06A83F0021EE21 /* MainModule */ = {
			isa = PBXGroup;
			children = (
				1056B64A2B052B680092A8E2 /* MainView.swift */,
				1056B64C2B052B6E0092A8E2 /* MainViewController.swift */,
			);
			path = MainModule;
			sourceTree = "<group>";
		};
		101FE3B82B058D9800BBB7FC /* DataManager */ = {
			isa = PBXGroup;
			children = (
				101FE3B92B058DDC00BBB7FC /* DataManager.swift */,
			);
			path = DataManager;
			sourceTree = "<group>";
		};
		102959672B02C146002D27D9 /* Application */ = {
			isa = PBXGroup;
			children = (
				1078D1B32B0116CD00A265D0 /* AppDelegate.swift */,
				1078D1B52B0116CD00A265D0 /* SceneDelegate.swift */,
			);
			path = Application;
			sourceTree = "<group>";
		};
		1078D1A72B0116CD00A265D0 = {
			isa = PBXGroup;
			children = (
				1078D1C92B0118EE00A265D0 /* README.md */,
				1078D1C72B01171500A265D0 /* .gitignore */,
				1078D1B22B0116CD00A265D0 /* Rainbow_NLP */,
				1078D1B12B0116CD00A265D0 /* Products */,
			);
			sourceTree = "<group>";
		};
		1078D1B12B0116CD00A265D0 /* Products */ = {
			isa = PBXGroup;
			children = (
				1078D1B02B0116CD00A265D0 /* Rainbow_NLP.app */,
			);
			name = Products;
			sourceTree = "<group>";
		};
		1078D1B22B0116CD00A265D0 /* Rainbow_NLP */ = {
			isa = PBXGroup;
			children = (
				10ACDB182B084CEB0049360A /* GameModule */,
				102959672B02C146002D27D9 /* Application */,
				10CB8F162B01B9B200CFC8D6 /* Extention */,
				101F8B102B06A83F0021EE21 /* MainModule */,
				373D2A872B0278D600E4EE27 /* SettingsScreen */,
				92B846892B03D375008286D8 /* ResultsScreen */,
				101FE3B82B058D9800BBB7FC /* DataManager */,
				10CB8F112B01B93C00CFC8D6 /* Components */,
				10CB8F0D2B01B8C500CFC8D6 /* BaseViewController.swift */,
				37E066212B094A9800C18F38 /* RulesScreen */,
				10CB8F0C2B01B88D00CFC8D6 /* TestModule */,
				10CB8EFB2B01473C00CFC8D6 /* Model */,
				2CD5D0082B05316100B37157 /* SF-Pro-Display-Regular.otf */,
				2CD5D0062B05314A00B37157 /* CormorantInfant-Regular.ttf */,
				1078D1BC2B0116CE00A265D0 /* Assets.xcassets */,
				1078D1BE2B0116CE00A265D0 /* LaunchScreen.storyboard */,
				1078D1C12B0116CE00A265D0 /* Info.plist */,
			);
			path = Rainbow_NLP;
			sourceTree = "<group>";
		};
		10ACDB182B084CEB0049360A /* GameModule */ = {
			isa = PBXGroup;
			children = (
				10ACDB1C2B084D120049360A /* CustomCell.swift */,
				10ACDB1A2B084D120049360A /* GamePlayModel.swift */,
				10ACDB192B084D120049360A /* GameViewController.swift */,
				10C94E682B09074100164152 /* VisualEffectView.swift */,
			);
			path = GameModule;
			sourceTree = "<group>";
		};
		10CB8EFB2B01473C00CFC8D6 /* Model */ = {
			isa = PBXGroup;
			children = (
				10CB8EFC2B01474D00CFC8D6 /* UserSetting.swift */,
				10CB8EFE2B0147DE00CFC8D6 /* GameResult.swift */,
			);
			path = Model;
			sourceTree = "<group>";
		};
		10CB8F0C2B01B88D00CFC8D6 /* TestModule */ = {
			isa = PBXGroup;
			children = (
				10CB8F0F2B01B91300CFC8D6 /* TestingViewController.swift */,
				10CB8F192B01C48B00CFC8D6 /* TestingViewController2.swift */,
			);
			path = TestModule;
			sourceTree = "<group>";
		};
		10CB8F112B01B93C00CFC8D6 /* Components */ = {
			isa = PBXGroup;
			children = (
				10CB8F122B01B95C00CFC8D6 /* CustomNavigationView.swift */,
				10CB8F142B01B98400CFC8D6 /* CustomButton.swift */,
			);
			path = Components;
			sourceTree = "<group>";
		};
		10CB8F162B01B9B200CFC8D6 /* Extention */ = {
			isa = PBXGroup;
			children = (
				10CB8F172B01B9C900CFC8D6 /* UIView + ext.swift */,
				101F8B082B0690B30021EE21 /* UIColor + ext.swift */,
				101F8B0C2B069DED0021EE21 /* UIButton + ext.swift */,
				101F8B0E2B06A6BA0021EE21 /* UILabel + ext.swift */,
				37E0661C2B092FB100C18F38 /* UIImage + ext.swift */,
				37E066222B094B3100C18F38 /* UIString + ext.swift */,
			);
			path = Extention;
			sourceTree = "<group>";
		};
		373D2A872B0278D600E4EE27 /* SettingsScreen */ = {
			isa = PBXGroup;
			children = (
				373D2A852B01472800E4EE27 /* SettingsViewController.swift */,
				373D2A882B02796200E4EE27 /* SliderCell.swift */,
				373D2A8A2B02797600E4EE27 /* SwitchCell.swift */,
				370CD4C02B02914A00C2E102 /* SettingsCellModel.swift */,
			);
			path = SettingsScreen;
			sourceTree = "<group>";
		};
		37E066212B094A9800C18F38 /* RulesScreen */ = {
			isa = PBXGroup;
			children = (
				37E0661E2B094A6D00C18F38 /* RulesViewController.swift */,
				37E066242B09751900C18F38 /* CustomTitleButton.swift */,
			);
			path = RulesScreen;
			sourceTree = "<group>";
		};
		92B846892B03D375008286D8 /* ResultsScreen */ = {
			isa = PBXGroup;
			children = (
				92B8468A2B03D40F008286D8 /* ResultsViewController.swift */,
				92B8468C2B03D444008286D8 /* ResultCell.swift */,
			);
			path = ResultsScreen;
			sourceTree = "<group>";
		};
/* End PBXGroup section */

/* Begin PBXNativeTarget section */
		1078D1AF2B0116CD00A265D0 /* Rainbow_NLP */ = {
			isa = PBXNativeTarget;
			buildConfigurationList = 1078D1C42B0116CE00A265D0 /* Build configuration list for PBXNativeTarget "Rainbow_NLP" */;
			buildPhases = (
				1078D1AC2B0116CD00A265D0 /* Sources */,
				1078D1AD2B0116CD00A265D0 /* Frameworks */,
				1078D1AE2B0116CD00A265D0 /* Resources */,
			);
			buildRules = (
			);
			dependencies = (
			);
			name = Rainbow_NLP;
			productName = Rainbow_NLP;
			productReference = 1078D1B02B0116CD00A265D0 /* Rainbow_NLP.app */;
			productType = "com.apple.product-type.application";
		};
/* End PBXNativeTarget section */

/* Begin PBXProject section */
		1078D1A82B0116CD00A265D0 /* Project object */ = {
			isa = PBXProject;
			attributes = {
				BuildIndependentTargetsInParallel = 1;
				LastSwiftUpdateCheck = 1500;
				LastUpgradeCheck = 1500;
				TargetAttributes = {
					1078D1AF2B0116CD00A265D0 = {
						CreatedOnToolsVersion = 15.0.1;
					};
				};
			};
			buildConfigurationList = 1078D1AB2B0116CD00A265D0 /* Build configuration list for PBXProject "Rainbow_NLP" */;
			compatibilityVersion = "Xcode 14.0";
			developmentRegion = en;
			hasScannedForEncodings = 0;
			knownRegions = (
				en,
				Base,
			);
			mainGroup = 1078D1A72B0116CD00A265D0;
			productRefGroup = 1078D1B12B0116CD00A265D0 /* Products */;
			projectDirPath = "";
			projectRoot = "";
			targets = (
				1078D1AF2B0116CD00A265D0 /* Rainbow_NLP */,
			);
		};
/* End PBXProject section */

/* Begin PBXResourcesBuildPhase section */
		1078D1AE2B0116CD00A265D0 /* Resources */ = {
			isa = PBXResourcesBuildPhase;
			buildActionMask = 2147483647;
			files = (
				1078D1C82B01171500A265D0 /* .gitignore in Resources */,
				1078D1C02B0116CE00A265D0 /* LaunchScreen.storyboard in Resources */,
				1078D1BD2B0116CE00A265D0 /* Assets.xcassets in Resources */,
				2CD5D0092B05316200B37157 /* SF-Pro-Display-Regular.otf in Resources */,
				2CD5D0072B05314A00B37157 /* CormorantInfant-Regular.ttf in Resources */,
			);
			runOnlyForDeploymentPostprocessing = 0;
		};
/* End PBXResourcesBuildPhase section */

/* Begin PBXSourcesBuildPhase section */
		1078D1AC2B0116CD00A265D0 /* Sources */ = {
			isa = PBXSourcesBuildPhase;
			buildActionMask = 2147483647;
			files = (
				373D2A892B02796200E4EE27 /* SliderCell.swift in Sources */,
				92B8468B2B03D40F008286D8 /* ResultsViewController.swift in Sources */,
				101F8B0F2B06A6BA0021EE21 /* UILabel + ext.swift in Sources */,
				370CD4C12B02914A00C2E102 /* SettingsCellModel.swift in Sources */,
				10CB8F1A2B01C48B00CFC8D6 /* TestingViewController2.swift in Sources */,
				1078D1B42B0116CD00A265D0 /* AppDelegate.swift in Sources */,
				101F8B092B0690B30021EE21 /* UIColor + ext.swift in Sources */,
				101F8B0D2B069DED0021EE21 /* UIButton + ext.swift in Sources */,
				10CB8F132B01B95C00CFC8D6 /* CustomNavigationView.swift in Sources */,
				101FE3BA2B058DDC00BBB7FC /* DataManager.swift in Sources */,
				1078D1B62B0116CD00A265D0 /* SceneDelegate.swift in Sources */,
				10C94E692B09074100164152 /* VisualEffectView.swift in Sources */,
				1056B64D2B052B6E0092A8E2 /* MainViewController.swift in Sources */,
				10CB8EFD2B01474D00CFC8D6 /* UserSetting.swift in Sources */,
				37E0661F2B094A6D00C18F38 /* RulesViewController.swift in Sources */,
				37E066252B09751900C18F38 /* CustomTitleButton.swift in Sources */,
				10ACDB202B084D120049360A /* CustomCell.swift in Sources */,
				10CB8F0E2B01B8C500CFC8D6 /* BaseViewController.swift in Sources */,
				10ACDB1D2B084D120049360A /* GameViewController.swift in Sources */,
				1056B64B2B052B680092A8E2 /* MainView.swift in Sources */,
				10CB8F152B01B98400CFC8D6 /* CustomButton.swift in Sources */,
				10CB8F182B01B9C900CFC8D6 /* UIView + ext.swift in Sources */,
				10CB8F102B01B91300CFC8D6 /* TestingViewController.swift in Sources */,
				10CB8EFF2B0147DE00CFC8D6 /* GameResult.swift in Sources */,
				373D2A8B2B02797600E4EE27 /* SwitchCell.swift in Sources */,
				37E066232B094B3100C18F38 /* UIString + ext.swift in Sources */,
				373D2A862B01472800E4EE27 /* SettingsViewController.swift in Sources */,
				37E0661D2B092FB100C18F38 /* UIImage + ext.swift in Sources */,
				92B8468D2B03D444008286D8 /* ResultCell.swift in Sources */,
				10ACDB1E2B084D120049360A /* GamePlayModel.swift in Sources */,
			);
			runOnlyForDeploymentPostprocessing = 0;
		};
/* End PBXSourcesBuildPhase section */

/* Begin PBXVariantGroup section */
		1078D1BE2B0116CE00A265D0 /* LaunchScreen.storyboard */ = {
			isa = PBXVariantGroup;
			children = (
				1078D1BF2B0116CE00A265D0 /* Base */,
			);
			name = LaunchScreen.storyboard;
			sourceTree = "<group>";
		};
/* End PBXVariantGroup section */

/* Begin XCBuildConfiguration section */
		1078D1C22B0116CE00A265D0 /* Debug */ = {
			isa = XCBuildConfiguration;
			buildSettings = {
				ALWAYS_SEARCH_USER_PATHS = NO;
				ASSETCATALOG_COMPILER_GENERATE_SWIFT_ASSET_SYMBOL_EXTENSIONS = YES;
				CLANG_ANALYZER_NONNULL = YES;
				CLANG_ANALYZER_NUMBER_OBJECT_CONVERSION = YES_AGGRESSIVE;
				CLANG_CXX_LANGUAGE_STANDARD = "gnu++20";
				CLANG_ENABLE_MODULES = YES;
				CLANG_ENABLE_OBJC_ARC = YES;
				CLANG_ENABLE_OBJC_WEAK = YES;
				CLANG_WARN_BLOCK_CAPTURE_AUTORELEASING = YES;
				CLANG_WARN_BOOL_CONVERSION = YES;
				CLANG_WARN_COMMA = YES;
				CLANG_WARN_CONSTANT_CONVERSION = YES;
				CLANG_WARN_DEPRECATED_OBJC_IMPLEMENTATIONS = YES;
				CLANG_WARN_DIRECT_OBJC_ISA_USAGE = YES_ERROR;
				CLANG_WARN_DOCUMENTATION_COMMENTS = YES;
				CLANG_WARN_EMPTY_BODY = YES;
				CLANG_WARN_ENUM_CONVERSION = YES;
				CLANG_WARN_INFINITE_RECURSION = YES;
				CLANG_WARN_INT_CONVERSION = YES;
				CLANG_WARN_NON_LITERAL_NULL_CONVERSION = YES;
				CLANG_WARN_OBJC_IMPLICIT_RETAIN_SELF = YES;
				CLANG_WARN_OBJC_LITERAL_CONVERSION = YES;
				CLANG_WARN_OBJC_ROOT_CLASS = YES_ERROR;
				CLANG_WARN_QUOTED_INCLUDE_IN_FRAMEWORK_HEADER = YES;
				CLANG_WARN_RANGE_LOOP_ANALYSIS = YES;
				CLANG_WARN_STRICT_PROTOTYPES = YES;
				CLANG_WARN_SUSPICIOUS_MOVE = YES;
				CLANG_WARN_UNGUARDED_AVAILABILITY = YES_AGGRESSIVE;
				CLANG_WARN_UNREACHABLE_CODE = YES;
				CLANG_WARN__DUPLICATE_METHOD_MATCH = YES;
				COPY_PHASE_STRIP = NO;
				DEBUG_INFORMATION_FORMAT = dwarf;
				ENABLE_STRICT_OBJC_MSGSEND = YES;
				ENABLE_TESTABILITY = YES;
				ENABLE_USER_SCRIPT_SANDBOXING = YES;
				GCC_C_LANGUAGE_STANDARD = gnu17;
				GCC_DYNAMIC_NO_PIC = NO;
				GCC_NO_COMMON_BLOCKS = YES;
				GCC_OPTIMIZATION_LEVEL = 0;
				GCC_PREPROCESSOR_DEFINITIONS = (
					"DEBUG=1",
					"$(inherited)",
				);
				GCC_WARN_64_TO_32_BIT_CONVERSION = YES;
				GCC_WARN_ABOUT_RETURN_TYPE = YES_ERROR;
				GCC_WARN_UNDECLARED_SELECTOR = YES;
				GCC_WARN_UNINITIALIZED_AUTOS = YES_AGGRESSIVE;
				GCC_WARN_UNUSED_FUNCTION = YES;
				GCC_WARN_UNUSED_VARIABLE = YES;
				IPHONEOS_DEPLOYMENT_TARGET = 17.0;
				LOCALIZATION_PREFERS_STRING_CATALOGS = YES;
				MTL_ENABLE_DEBUG_INFO = INCLUDE_SOURCE;
				MTL_FAST_MATH = YES;
				ONLY_ACTIVE_ARCH = YES;
				SDKROOT = iphoneos;
				SWIFT_ACTIVE_COMPILATION_CONDITIONS = "DEBUG $(inherited)";
				SWIFT_OPTIMIZATION_LEVEL = "-Onone";
			};
			name = Debug;
		};
		1078D1C32B0116CE00A265D0 /* Release */ = {
			isa = XCBuildConfiguration;
			buildSettings = {
				ALWAYS_SEARCH_USER_PATHS = NO;
				ASSETCATALOG_COMPILER_GENERATE_SWIFT_ASSET_SYMBOL_EXTENSIONS = YES;
				CLANG_ANALYZER_NONNULL = YES;
				CLANG_ANALYZER_NUMBER_OBJECT_CONVERSION = YES_AGGRESSIVE;
				CLANG_CXX_LANGUAGE_STANDARD = "gnu++20";
				CLANG_ENABLE_MODULES = YES;
				CLANG_ENABLE_OBJC_ARC = YES;
				CLANG_ENABLE_OBJC_WEAK = YES;
				CLANG_WARN_BLOCK_CAPTURE_AUTORELEASING = YES;
				CLANG_WARN_BOOL_CONVERSION = YES;
				CLANG_WARN_COMMA = YES;
				CLANG_WARN_CONSTANT_CONVERSION = YES;
				CLANG_WARN_DEPRECATED_OBJC_IMPLEMENTATIONS = YES;
				CLANG_WARN_DIRECT_OBJC_ISA_USAGE = YES_ERROR;
				CLANG_WARN_DOCUMENTATION_COMMENTS = YES;
				CLANG_WARN_EMPTY_BODY = YES;
				CLANG_WARN_ENUM_CONVERSION = YES;
				CLANG_WARN_INFINITE_RECURSION = YES;
				CLANG_WARN_INT_CONVERSION = YES;
				CLANG_WARN_NON_LITERAL_NULL_CONVERSION = YES;
				CLANG_WARN_OBJC_IMPLICIT_RETAIN_SELF = YES;
				CLANG_WARN_OBJC_LITERAL_CONVERSION = YES;
				CLANG_WARN_OBJC_ROOT_CLASS = YES_ERROR;
				CLANG_WARN_QUOTED_INCLUDE_IN_FRAMEWORK_HEADER = YES;
				CLANG_WARN_RANGE_LOOP_ANALYSIS = YES;
				CLANG_WARN_STRICT_PROTOTYPES = YES;
				CLANG_WARN_SUSPICIOUS_MOVE = YES;
				CLANG_WARN_UNGUARDED_AVAILABILITY = YES_AGGRESSIVE;
				CLANG_WARN_UNREACHABLE_CODE = YES;
				CLANG_WARN__DUPLICATE_METHOD_MATCH = YES;
				COPY_PHASE_STRIP = NO;
				DEBUG_INFORMATION_FORMAT = "dwarf-with-dsym";
				ENABLE_NS_ASSERTIONS = NO;
				ENABLE_STRICT_OBJC_MSGSEND = YES;
				ENABLE_USER_SCRIPT_SANDBOXING = YES;
				GCC_C_LANGUAGE_STANDARD = gnu17;
				GCC_NO_COMMON_BLOCKS = YES;
				GCC_WARN_64_TO_32_BIT_CONVERSION = YES;
				GCC_WARN_ABOUT_RETURN_TYPE = YES_ERROR;
				GCC_WARN_UNDECLARED_SELECTOR = YES;
				GCC_WARN_UNINITIALIZED_AUTOS = YES_AGGRESSIVE;
				GCC_WARN_UNUSED_FUNCTION = YES;
				GCC_WARN_UNUSED_VARIABLE = YES;
				IPHONEOS_DEPLOYMENT_TARGET = 17.0;
				LOCALIZATION_PREFERS_STRING_CATALOGS = YES;
				MTL_ENABLE_DEBUG_INFO = NO;
				MTL_FAST_MATH = YES;
				SDKROOT = iphoneos;
				SWIFT_COMPILATION_MODE = wholemodule;
				VALIDATE_PRODUCT = YES;
			};
			name = Release;
		};
		1078D1C52B0116CE00A265D0 /* Debug */ = {
			isa = XCBuildConfiguration;
			buildSettings = {
				ASSETCATALOG_COMPILER_APPICON_NAME = AppIcon;
				ASSETCATALOG_COMPILER_GLOBAL_ACCENT_COLOR_NAME = AccentColor;
				CODE_SIGN_STYLE = Automatic;
				CURRENT_PROJECT_VERSION = 1;
				GENERATE_INFOPLIST_FILE = YES;
				INFOPLIST_FILE = Rainbow_NLP/Info.plist;
				INFOPLIST_KEY_UIApplicationSupportsIndirectInputEvents = YES;
				INFOPLIST_KEY_UILaunchStoryboardName = LaunchScreen;
				INFOPLIST_KEY_UIMainStoryboardFile = "";
				INFOPLIST_KEY_UISupportedInterfaceOrientations = UIInterfaceOrientationPortrait;
				INFOPLIST_KEY_UISupportedInterfaceOrientations_iPad = "UIInterfaceOrientationLandscapeLeft UIInterfaceOrientationLandscapeRight UIInterfaceOrientationPortrait UIInterfaceOrientationPortraitUpsideDown";
				IPHONEOS_DEPLOYMENT_TARGET = 15.0;
				LD_RUNPATH_SEARCH_PATHS = (
					"$(inherited)",
					"@executable_path/Frameworks",
				);
				MARKETING_VERSION = 1.0;
				PRODUCT_BUNDLE_IDENTIFIER = "com.pashagritskov.Rainbow-NLP";
				PRODUCT_NAME = "$(TARGET_NAME)";
				SUPPORTED_PLATFORMS = "iphoneos iphonesimulator";
				SUPPORTS_MACCATALYST = NO;
				SUPPORTS_MAC_DESIGNED_FOR_IPHONE_IPAD = NO;
				SWIFT_EMIT_LOC_STRINGS = YES;
				SWIFT_VERSION = 5.0;
				TARGETED_DEVICE_FAMILY = 1;
			};
			name = Debug;
		};
		1078D1C62B0116CE00A265D0 /* Release */ = {
			isa = XCBuildConfiguration;
			buildSettings = {
				ASSETCATALOG_COMPILER_APPICON_NAME = AppIcon;
				ASSETCATALOG_COMPILER_GLOBAL_ACCENT_COLOR_NAME = AccentColor;
				CODE_SIGN_STYLE = Automatic;
				CURRENT_PROJECT_VERSION = 1;
				GENERATE_INFOPLIST_FILE = YES;
				INFOPLIST_FILE = Rainbow_NLP/Info.plist;
				INFOPLIST_KEY_UIApplicationSupportsIndirectInputEvents = YES;
				INFOPLIST_KEY_UILaunchStoryboardName = LaunchScreen;
				INFOPLIST_KEY_UIMainStoryboardFile = "";
				INFOPLIST_KEY_UISupportedInterfaceOrientations = UIInterfaceOrientationPortrait;
				INFOPLIST_KEY_UISupportedInterfaceOrientations_iPad = "UIInterfaceOrientationLandscapeLeft UIInterfaceOrientationLandscapeRight UIInterfaceOrientationPortrait UIInterfaceOrientationPortraitUpsideDown";
				IPHONEOS_DEPLOYMENT_TARGET = 15.0;
				LD_RUNPATH_SEARCH_PATHS = (
					"$(inherited)",
					"@executable_path/Frameworks",
				);
				MARKETING_VERSION = 1.0;
				PRODUCT_BUNDLE_IDENTIFIER = "com.pashagritskov.Rainbow-NLP";
				PRODUCT_NAME = "$(TARGET_NAME)";
				SUPPORTED_PLATFORMS = "iphoneos iphonesimulator";
				SUPPORTS_MACCATALYST = NO;
				SUPPORTS_MAC_DESIGNED_FOR_IPHONE_IPAD = NO;
				SWIFT_EMIT_LOC_STRINGS = YES;
				SWIFT_VERSION = 5.0;
				TARGETED_DEVICE_FAMILY = 1;
			};
			name = Release;
		};
/* End XCBuildConfiguration section */

/* Begin XCConfigurationList section */
		1078D1AB2B0116CD00A265D0 /* Build configuration list for PBXProject "Rainbow_NLP" */ = {
			isa = XCConfigurationList;
			buildConfigurations = (
				1078D1C22B0116CE00A265D0 /* Debug */,
				1078D1C32B0116CE00A265D0 /* Release */,
			);
			defaultConfigurationIsVisible = 0;
			defaultConfigurationName = Release;
		};
		1078D1C42B0116CE00A265D0 /* Build configuration list for PBXNativeTarget "Rainbow_NLP" */ = {
			isa = XCConfigurationList;
			buildConfigurations = (
				1078D1C52B0116CE00A265D0 /* Debug */,
				1078D1C62B0116CE00A265D0 /* Release */,
			);
			defaultConfigurationIsVisible = 0;
			defaultConfigurationName = Release;
		};
/* End XCConfigurationList section */
	};
	rootObject = 1078D1A82B0116CD00A265D0 /* Project object */;
}
